// !$*UTF8*$!
{
	archiveVersion = 1;
	classes = {
	};
	objectVersion = 55;
	objects = {

/* Begin PBXBuildFile section */
		6FE3EF372851281200922208 /* CoffeAppApp.swift in Sources */ = {isa = PBXBuildFile; fileRef = 6FE3EF362851281200922208 /* CoffeAppApp.swift */; };
		6FE3EF392851281200922208 /* ContentView.swift in Sources */ = {isa = PBXBuildFile; fileRef = 6FE3EF382851281200922208 /* ContentView.swift */; };
		6FE3EF3B2851281400922208 /* Assets.xcassets in Resources */ = {isa = PBXBuildFile; fileRef = 6FE3EF3A2851281400922208 /* Assets.xcassets */; };
		6FE3EF3E2851281400922208 /* Preview Assets.xcassets in Resources */ = {isa = PBXBuildFile; fileRef = 6FE3EF3D2851281400922208 /* Preview Assets.xcassets */; };
		6FE3EF462851287D00922208 /* CoffeModel.swift in Sources */ = {isa = PBXBuildFile; fileRef = 6FE3EF452851287D00922208 /* CoffeModel.swift */; };
		6FE3EF48285129F500922208 /* OrderModel.swift in Sources */ = {isa = PBXBuildFile; fileRef = 6FE3EF47285129F500922208 /* OrderModel.swift */; };
		6FE3EF4B28512C5300922208 /* Service.swift in Sources */ = {isa = PBXBuildFile; fileRef = 6FE3EF4A28512C5300922208 /* Service.swift */; };
		6FE3EF4E28512EFF00922208 /* OrderListViewModel.swift in Sources */ = {isa = PBXBuildFile; fileRef = 6FE3EF4D28512EFF00922208 /* OrderListViewModel.swift */; };
		6FE3EF512851321F00922208 /* OrderListView.swift in Sources */ = {isa = PBXBuildFile; fileRef = 6FE3EF502851321F00922208 /* OrderListView.swift */; };
		6FE3EF5328527E9000922208 /* CreateOrderResponse.swift in Sources */ = {isa = PBXBuildFile; fileRef = 6FE3EF5228527E9000922208 /* CreateOrderResponse.swift */; };
		6FE3EF55285282E700922208 /* AddCoffeeViewModel.swift in Sources */ = {isa = PBXBuildFile; fileRef = 6FE3EF54285282E700922208 /* AddCoffeeViewModel.swift */; };
		6FE3EF572852841E00922208 /* CoffeeViewModel.swift in Sources */ = {isa = PBXBuildFile; fileRef = 6FE3EF562852841E00922208 /* CoffeeViewModel.swift */; };
		6FE3EF592853C90E00922208 /* AddCoffeeOrderView.swift in Sources */ = {isa = PBXBuildFile; fileRef = 6FE3EF582853C90E00922208 /* AddCoffeeOrderView.swift */; };
		6FE3EF5B28568B3600922208 /* OrderTotalView.swift in Sources */ = {isa = PBXBuildFile; fileRef = 6FE3EF5A28568B3600922208 /* OrderTotalView.swift */; };
/* End PBXBuildFile section */

/* Begin PBXFileReference section */
		6FE3EF332851281200922208 /* CoffeApp.app */ = {isa = PBXFileReference; explicitFileType = wrapper.application; includeInIndex = 0; path = CoffeApp.app; sourceTree = BUILT_PRODUCTS_DIR; };
		6FE3EF362851281200922208 /* CoffeAppApp.swift */ = {isa = PBXFileReference; lastKnownFileType = sourcecode.swift; path = CoffeAppApp.swift; sourceTree = "<group>"; };
		6FE3EF382851281200922208 /* ContentView.swift */ = {isa = PBXFileReference; lastKnownFileType = sourcecode.swift; path = ContentView.swift; sourceTree = "<group>"; };
		6FE3EF3A2851281400922208 /* Assets.xcassets */ = {isa = PBXFileReference; lastKnownFileType = folder.assetcatalog; path = Assets.xcassets; sourceTree = "<group>"; };
		6FE3EF3D2851281400922208 /* Preview Assets.xcassets */ = {isa = PBXFileReference; lastKnownFileType = folder.assetcatalog; path = "Preview Assets.xcassets"; sourceTree = "<group>"; };
		6FE3EF452851287D00922208 /* CoffeModel.swift */ = {isa = PBXFileReference; lastKnownFileType = sourcecode.swift; path = CoffeModel.swift; sourceTree = "<group>"; };
		6FE3EF47285129F500922208 /* OrderModel.swift */ = {isa = PBXFileReference; lastKnownFileType = sourcecode.swift; path = OrderModel.swift; sourceTree = "<group>"; };
		6FE3EF4A28512C5300922208 /* Service.swift */ = {isa = PBXFileReference; lastKnownFileType = sourcecode.swift; path = Service.swift; sourceTree = "<group>"; };
		6FE3EF4D28512EFF00922208 /* OrderListViewModel.swift */ = {isa = PBXFileReference; lastKnownFileType = sourcecode.swift; path = OrderListViewModel.swift; sourceTree = "<group>"; };
		6FE3EF502851321F00922208 /* OrderListView.swift */ = {isa = PBXFileReference; lastKnownFileType = sourcecode.swift; path = OrderListView.swift; sourceTree = "<group>"; };
		6FE3EF5228527E9000922208 /* CreateOrderResponse.swift */ = {isa = PBXFileReference; lastKnownFileType = sourcecode.swift; path = CreateOrderResponse.swift; sourceTree = "<group>"; };
		6FE3EF54285282E700922208 /* AddCoffeeViewModel.swift */ = {isa = PBXFileReference; lastKnownFileType = sourcecode.swift; path = AddCoffeeViewModel.swift; sourceTree = "<group>"; };
		6FE3EF562852841E00922208 /* CoffeeViewModel.swift */ = {isa = PBXFileReference; lastKnownFileType = sourcecode.swift; path = CoffeeViewModel.swift; sourceTree = "<group>"; };
		6FE3EF582853C90E00922208 /* AddCoffeeOrderView.swift */ = {isa = PBXFileReference; lastKnownFileType = sourcecode.swift; path = AddCoffeeOrderView.swift; sourceTree = "<group>"; };
		6FE3EF5A28568B3600922208 /* OrderTotalView.swift */ = {isa = PBXFileReference; lastKnownFileType = sourcecode.swift; path = OrderTotalView.swift; sourceTree = "<group>"; };
/* End PBXFileReference section */

/* Begin PBXFrameworksBuildPhase section */
		6FE3EF302851281200922208 /* Frameworks */ = {
			isa = PBXFrameworksBuildPhase;
			buildActionMask = 2147483647;
			files = (
			);
			runOnlyForDeploymentPostprocessing = 0;
		};
/* End PBXFrameworksBuildPhase section */

/* Begin PBXGroup section */
		6FE3EF2A2851281200922208 = {
			isa = PBXGroup;
			children = (
				6FE3EF352851281200922208 /* CoffeApp */,
				6FE3EF342851281200922208 /* Products */,
			);
			sourceTree = "<group>";
		};
		6FE3EF342851281200922208 /* Products */ = {
			isa = PBXGroup;
			children = (
				6FE3EF332851281200922208 /* CoffeApp.app */,
			);
			name = Products;
			sourceTree = "<group>";
		};
		6FE3EF352851281200922208 /* CoffeApp */ = {
			isa = PBXGroup;
			children = (
				6FE3EF4F285131F300922208 /* View */,
				6FE3EF4C28512EDD00922208 /* ViewModel */,
				6FE3EF4928512C4300922208 /* Service */,
				6FE3EF442851286500922208 /* Model */,
				6FE3EF362851281200922208 /* CoffeAppApp.swift */,
				6FE3EF3A2851281400922208 /* Assets.xcassets */,
				6FE3EF3C2851281400922208 /* Preview Content */,
			);
			path = CoffeApp;
			sourceTree = "<group>";
		};
		6FE3EF3C2851281400922208 /* Preview Content */ = {
			isa = PBXGroup;
			children = (
				6FE3EF3D2851281400922208 /* Preview Assets.xcassets */,
			);
			path = "Preview Content";
			sourceTree = "<group>";
		};
		6FE3EF442851286500922208 /* Model */ = {
			isa = PBXGroup;
			children = (
				6FE3EF452851287D00922208 /* CoffeModel.swift */,
				6FE3EF47285129F500922208 /* OrderModel.swift */,
				6FE3EF5228527E9000922208 /* CreateOrderResponse.swift */,
			);
			path = Model;
			sourceTree = "<group>";
		};
		6FE3EF4928512C4300922208 /* Service */ = {
			isa = PBXGroup;
			children = (
				6FE3EF4A28512C5300922208 /* Service.swift */,
			);
			path = Service;
			sourceTree = "<group>";
		};
		6FE3EF4C28512EDD00922208 /* ViewModel */ = {
			isa = PBXGroup;
			children = (
				6FE3EF4D28512EFF00922208 /* OrderListViewModel.swift */,
				6FE3EF54285282E700922208 /* AddCoffeeViewModel.swift */,
				6FE3EF562852841E00922208 /* CoffeeViewModel.swift */,
			);
			path = ViewModel;
			sourceTree = "<group>";
		};
		6FE3EF4F285131F300922208 /* View */ = {
			isa = PBXGroup;
			children = (
				6FE3EF382851281200922208 /* ContentView.swift */,
				6FE3EF502851321F00922208 /* OrderListView.swift */,
				6FE3EF582853C90E00922208 /* AddCoffeeOrderView.swift */,
				6FE3EF5A28568B3600922208 /* OrderTotalView.swift */,
			);
			path = View;
			sourceTree = "<group>";
		};
/* End PBXGroup section */

/* Begin PBXNativeTarget section */
		6FE3EF322851281200922208 /* CoffeApp */ = {
			isa = PBXNativeTarget;
			buildConfigurationList = 6FE3EF412851281400922208 /* Build configuration list for PBXNativeTarget "CoffeApp" */;
			buildPhases = (
				6FE3EF2F2851281200922208 /* Sources */,
				6FE3EF302851281200922208 /* Frameworks */,
				6FE3EF312851281200922208 /* Resources */,
			);
			buildRules = (
			);
			dependencies = (
			);
			name = CoffeApp;
			productName = CoffeApp;
			productReference = 6FE3EF332851281200922208 /* CoffeApp.app */;
			productType = "com.apple.product-type.application";
		};
/* End PBXNativeTarget section */

/* Begin PBXProject section */
		6FE3EF2B2851281200922208 /* Project object */ = {
			isa = PBXProject;
			attributes = {
				BuildIndependentTargetsInParallel = 1;
				LastSwiftUpdateCheck = 1340;
				LastUpgradeCheck = 1340;
				TargetAttributes = {
					6FE3EF322851281200922208 = {
						CreatedOnToolsVersion = 13.4;
					};
				};
			};
			buildConfigurationList = 6FE3EF2E2851281200922208 /* Build configuration list for PBXProject "CoffeApp" */;
			compatibilityVersion = "Xcode 13.0";
			developmentRegion = en;
			hasScannedForEncodings = 0;
			knownRegions = (
				en,
				Base,
			);
			mainGroup = 6FE3EF2A2851281200922208;
			productRefGroup = 6FE3EF342851281200922208 /* Products */;
			projectDirPath = "";
			projectRoot = "";
			targets = (
				6FE3EF322851281200922208 /* CoffeApp */,
			);
		};
/* End PBXProject section */

/* Begin PBXResourcesBuildPhase section */
		6FE3EF312851281200922208 /* Resources */ = {
			isa = PBXResourcesBuildPhase;
			buildActionMask = 2147483647;
			files = (
				6FE3EF3E2851281400922208 /* Preview Assets.xcassets in Resources */,
				6FE3EF3B2851281400922208 /* Assets.xcassets in Resources */,
			);
			runOnlyForDeploymentPostprocessing = 0;
		};
/* End PBXResourcesBuildPhase section */

/* Begin PBXSourcesBuildPhase section */
		6FE3EF2F2851281200922208 /* Sources */ = {
			isa = PBXSourcesBuildPhase;
			buildActionMask = 2147483647;
			files = (
				6FE3EF48285129F500922208 /* OrderModel.swift in Sources */,
				6FE3EF592853C90E00922208 /* AddCoffeeOrderView.swift in Sources */,
				6FE3EF392851281200922208 /* ContentView.swift in Sources */,
				6FE3EF572852841E00922208 /* CoffeeViewModel.swift in Sources */,
				6FE3EF4B28512C5300922208 /* Service.swift in Sources */,
				6FE3EF5328527E9000922208 /* CreateOrderResponse.swift in Sources */,
				6FE3EF512851321F00922208 /* OrderListView.swift in Sources */,
				6FE3EF4E28512EFF00922208 /* OrderListViewModel.swift in Sources */,
				6FE3EF372851281200922208 /* CoffeAppApp.swift in Sources */,
				6FE3EF462851287D00922208 /* CoffeModel.swift in Sources */,
				6FE3EF5B28568B3600922208 /* OrderTotalView.swift in Sources */,
				6FE3EF55285282E700922208 /* AddCoffeeViewModel.swift in Sources */,
			);
			runOnlyForDeploymentPostprocessing = 0;
		};
/* End PBXSourcesBuildPhase section */

/* Begin XCBuildConfiguration section */
		6FE3EF3F2851281400922208 /* Debug */ = {
			isa = XCBuildConfiguration;
			buildSettings = {
				ALWAYS_SEARCH_USER_PATHS = NO;
				CLANG_ANALYZER_NONNULL = YES;
				CLANG_ANALYZER_NUMBER_OBJECT_CONVERSION = YES_AGGRESSIVE;
				CLANG_CXX_LANGUAGE_STANDARD = "gnu++17";
				CLANG_ENABLE_MODULES = YES;
				CLANG_ENABLE_OBJC_ARC = YES;
				CLANG_ENABLE_OBJC_WEAK = YES;
				CLANG_WARN_BLOCK_CAPTURE_AUTORELEASING = YES;
				CLANG_WARN_BOOL_CONVERSION = YES;
				CLANG_WARN_COMMA = YES;
				CLANG_WARN_CONSTANT_CONVERSION = YES;
				CLANG_WARN_DEPRECATED_OBJC_IMPLEMENTATIONS = YES;
				CLANG_WARN_DIRECT_OBJC_ISA_USAGE = YES_ERROR;
				CLANG_WARN_DOCUMENTATION_COMMENTS = YES;
				CLANG_WARN_EMPTY_BODY = YES;
				CLANG_WARN_ENUM_CONVERSION = YES;
				CLANG_WARN_INFINITE_RECURSION = YES;
				CLANG_WARN_INT_CONVERSION = YES;
				CLANG_WARN_NON_LITERAL_NULL_CONVERSION = YES;
				CLANG_WARN_OBJC_IMPLICIT_RETAIN_SELF = YES;
				CLANG_WARN_OBJC_LITERAL_CONVERSION = YES;
				CLANG_WARN_OBJC_ROOT_CLASS = YES_ERROR;
				CLANG_WARN_QUOTED_INCLUDE_IN_FRAMEWORK_HEADER = YES;
				CLANG_WARN_RANGE_LOOP_ANALYSIS = YES;
				CLANG_WARN_STRICT_PROTOTYPES = YES;
				CLANG_WARN_SUSPICIOUS_MOVE = YES;
				CLANG_WARN_UNGUARDED_AVAILABILITY = YES_AGGRESSIVE;
				CLANG_WARN_UNREACHABLE_CODE = YES;
				CLANG_WARN__DUPLICATE_METHOD_MATCH = YES;
				COPY_PHASE_STRIP = NO;
				DEBUG_INFORMATION_FORMAT = dwarf;
				ENABLE_STRICT_OBJC_MSGSEND = YES;
				ENABLE_TESTABILITY = YES;
				GCC_C_LANGUAGE_STANDARD = gnu11;
				GCC_DYNAMIC_NO_PIC = NO;
				GCC_NO_COMMON_BLOCKS = YES;
				GCC_OPTIMIZATION_LEVEL = 0;
				GCC_PREPROCESSOR_DEFINITIONS = (
					"DEBUG=1",
					"$(inherited)",
				);
				GCC_WARN_64_TO_32_BIT_CONVERSION = YES;
				GCC_WARN_ABOUT_RETURN_TYPE = YES_ERROR;
				GCC_WARN_UNDECLARED_SELECTOR = YES;
				GCC_WARN_UNINITIALIZED_AUTOS = YES_AGGRESSIVE;
				GCC_WARN_UNUSED_FUNCTION = YES;
				GCC_WARN_UNUSED_VARIABLE = YES;
				IPHONEOS_DEPLOYMENT_TARGET = 15.5;
				MTL_ENABLE_DEBUG_INFO = INCLUDE_SOURCE;
				MTL_FAST_MATH = YES;
				ONLY_ACTIVE_ARCH = YES;
				SDKROOT = iphoneos;
				SWIFT_ACTIVE_COMPILATION_CONDITIONS = DEBUG;
				SWIFT_OPTIMIZATION_LEVEL = "-Onone";
			};
			name = Debug;
		};
		6FE3EF402851281400922208 /* Release */ = {
			isa = XCBuildConfiguration;
			buildSettings = {
				ALWAYS_SEARCH_USER_PATHS = NO;
				CLANG_ANALYZER_NONNULL = YES;
				CLANG_ANALYZER_NUMBER_OBJECT_CONVERSION = YES_AGGRESSIVE;
				CLANG_CXX_LANGUAGE_STANDARD = "gnu++17";
				CLANG_ENABLE_MODULES = YES;
				CLANG_ENABLE_OBJC_ARC = YES;
				CLANG_ENABLE_OBJC_WEAK = YES;
				CLANG_WARN_BLOCK_CAPTURE_AUTORELEASING = YES;
				CLANG_WARN_BOOL_CONVERSION = YES;
				CLANG_WARN_COMMA = YES;
				CLANG_WARN_CONSTANT_CONVERSION = YES;
				CLANG_WARN_DEPRECATED_OBJC_IMPLEMENTATIONS = YES;
				CLANG_WARN_DIRECT_OBJC_ISA_USAGE = YES_ERROR;
				CLANG_WARN_DOCUMENTATION_COMMENTS = YES;
				CLANG_WARN_EMPTY_BODY = YES;
				CLANG_WARN_ENUM_CONVERSION = YES;
				CLANG_WARN_INFINITE_RECURSION = YES;
				CLANG_WARN_INT_CONVERSION = YES;
				CLANG_WARN_NON_LITERAL_NULL_CONVERSION = YES;
				CLANG_WARN_OBJC_IMPLICIT_RETAIN_SELF = YES;
				CLANG_WARN_OBJC_LITERAL_CONVERSION = YES;
				CLANG_WARN_OBJC_ROOT_CLASS = YES_ERROR;
				CLANG_WARN_QUOTED_INCLUDE_IN_FRAMEWORK_HEADER = YES;
				CLANG_WARN_RANGE_LOOP_ANALYSIS = YES;
				CLANG_WARN_STRICT_PROTOTYPES = YES;
				CLANG_WARN_SUSPICIOUS_MOVE = YES;
				CLANG_WARN_UNGUARDED_AVAILABILITY = YES_AGGRESSIVE;
				CLANG_WARN_UNREACHABLE_CODE = YES;
				CLANG_WARN__DUPLICATE_METHOD_MATCH = YES;
				COPY_PHASE_STRIP = NO;
				DEBUG_INFORMATION_FORMAT = "dwarf-with-dsym";
				ENABLE_NS_ASSERTIONS = NO;
				ENABLE_STRICT_OBJC_MSGSEND = YES;
				GCC_C_LANGUAGE_STANDARD = gnu11;
				GCC_NO_COMMON_BLOCKS = YES;
				GCC_WARN_64_TO_32_BIT_CONVERSION = YES;
				GCC_WARN_ABOUT_RETURN_TYPE = YES_ERROR;
				GCC_WARN_UNDECLARED_SELECTOR = YES;
				GCC_WARN_UNINITIALIZED_AUTOS = YES_AGGRESSIVE;
				GCC_WARN_UNUSED_FUNCTION = YES;
				GCC_WARN_UNUSED_VARIABLE = YES;
				IPHONEOS_DEPLOYMENT_TARGET = 15.5;
				MTL_ENABLE_DEBUG_INFO = NO;
				MTL_FAST_MATH = YES;
				SDKROOT = iphoneos;
				SWIFT_COMPILATION_MODE = wholemodule;
				SWIFT_OPTIMIZATION_LEVEL = "-O";
				VALIDATE_PRODUCT = YES;
			};
			name = Release;
		};
		6FE3EF422851281400922208 /* Debug */ = {
			isa = XCBuildConfiguration;
			buildSettings = {
				ASSETCATALOG_COMPILER_APPICON_NAME = AppIcon;
				ASSETCATALOG_COMPILER_GLOBAL_ACCENT_COLOR_NAME = AccentColor;
				CODE_SIGN_STYLE = Automatic;
				CURRENT_PROJECT_VERSION = 1;
				DEVELOPMENT_ASSET_PATHS = "\"CoffeApp/Preview Content\"";
				DEVELOPMENT_TEAM = GP4P669DH8;
				ENABLE_PREVIEWS = YES;
				GENERATE_INFOPLIST_FILE = YES;
				INFOPLIST_KEY_UIApplicationSceneManifest_Generation = YES;
				INFOPLIST_KEY_UIApplicationSupportsIndirectInputEvents = YES;
				INFOPLIST_KEY_UILaunchScreen_Generation = YES;
				INFOPLIST_KEY_UISupportedInterfaceOrientations_iPad = "UIInterfaceOrientationPortrait UIInterfaceOrientationPortraitUpsideDown UIInterfaceOrientationLandscapeLeft UIInterfaceOrientationLandscapeRight";
				INFOPLIST_KEY_UISupportedInterfaceOrientations_iPhone = "UIInterfaceOrientationPortrait UIInterfaceOrientationLandscapeLeft UIInterfaceOrientationLandscapeRight";
				LD_RUNPATH_SEARCH_PATHS = (
					"$(inherited)",
					"@executable_path/Frameworks",
				);
				MARKETING_VERSION = 1.0;
				PRODUCT_BUNDLE_IDENTIFIER = nico.CoffeApp;
				PRODUCT_NAME = "$(TARGET_NAME)";
				SWIFT_EMIT_LOC_STRINGS = YES;
				SWIFT_VERSION = 5.0;
				TARGETED_DEVICE_FAMILY = "1,2";
			};
			name = Debug;
		};
		6FE3EF432851281400922208 /* Release */ = {
			isa = XCBuildConfiguration;
			buildSettings = {
				ASSETCATALOG_COMPILER_APPICON_NAME = AppIcon;
				ASSETCATALOG_COMPILER_GLOBAL_ACCENT_COLOR_NAME = AccentColor;
				CODE_SIGN_STYLE = Automatic;
				CURRENT_PROJECT_VERSION = 1;
				DEVELOPMENT_ASSET_PATHS = "\"CoffeApp/Preview Content\"";
				DEVELOPMENT_TEAM = GP4P669DH8;
				ENABLE_PREVIEWS = YES;
				GENERATE_INFOPLIST_FILE = YES;
				INFOPLIST_KEY_UIApplicationSceneManifest_Generation = YES;
				INFOPLIST_KEY_UIApplicationSupportsIndirectInputEvents = YES;
				INFOPLIST_KEY_UILaunchScreen_Generation = YES;
				INFOPLIST_KEY_UISupportedInterfaceOrientations_iPad = "UIInterfaceOrientationPortrait UIInterfaceOrientationPortraitUpsideDown UIInterfaceOrientationLandscapeLeft UIInterfaceOrientationLandscapeRight";
				INFOPLIST_KEY_UISupportedInterfaceOrientations_iPhone = "UIInterfaceOrientationPortrait UIInterfaceOrientationLandscapeLeft UIInterfaceOrientationLandscapeRight";
				LD_RUNPATH_SEARCH_PATHS = (
					"$(inherited)",
					"@executable_path/Frameworks",
				);
				MARKETING_VERSION = 1.0;
				PRODUCT_BUNDLE_IDENTIFIER = nico.CoffeApp;
				PRODUCT_NAME = "$(TARGET_NAME)";
				SWIFT_EMIT_LOC_STRINGS = YES;
				SWIFT_VERSION = 5.0;
				TARGETED_DEVICE_FAMILY = "1,2";
			};
			name = Release;
		};
/* End XCBuildConfiguration section */

/* Begin XCConfigurationList section */
		6FE3EF2E2851281200922208 /* Build configuration list for PBXProject "CoffeApp" */ = {
			isa = XCConfigurationList;
			buildConfigurations = (
				6FE3EF3F2851281400922208 /* Debug */,
				6FE3EF402851281400922208 /* Release */,
			);
			defaultConfigurationIsVisible = 0;
			defaultConfigurationName = Release;
		};
		6FE3EF412851281400922208 /* Build configuration list for PBXNativeTarget "CoffeApp" */ = {
			isa = XCConfigurationList;
			buildConfigurations = (
				6FE3EF422851281400922208 /* Debug */,
				6FE3EF432851281400922208 /* Release */,
			);
			defaultConfigurationIsVisible = 0;
			defaultConfigurationName = Release;
		};
/* End XCConfigurationList section */
	};
	rootObject = 6FE3EF2B2851281200922208 /* Project object */;
}
